// !$*UTF8*$!
{
	archiveVersion = 1;
	classes = {
	};
	objectVersion = 50;
	objects = {

/* Begin PBXBuildFile section */
		30001A8D24EF63920022BD70 /* UIViewController+YZHCaregory.h in Headers */ = {isa = PBXBuildFile; fileRef = 30001A8B24EF63920022BD70 /* UIViewController+YZHCaregory.h */; settings = {ATTRIBUTES = (Public, ); }; };
		30001A8E24EF63920022BD70 /* UIViewController+YZHCaregory.m in Sources */ = {isa = PBXBuildFile; fileRef = 30001A8C24EF63920022BD70 /* UIViewController+YZHCaregory.m */; };
		30001A9124EF639A0022BD70 /* YZHConvertUtils.m in Sources */ = {isa = PBXBuildFile; fileRef = 30001A8F24EF639A0022BD70 /* YZHConvertUtils.m */; };
		30001A9224EF639A0022BD70 /* YZHConvertUtils.h in Headers */ = {isa = PBXBuildFile; fileRef = 30001A9024EF639A0022BD70 /* YZHConvertUtils.h */; settings = {ATTRIBUTES = (Public, ); }; };
		30001A9424EF63A20022BD70 /* YZHDefine.h in Headers */ = {isa = PBXBuildFile; fileRef = 30001A9324EF63A20022BD70 /* YZHDefine.h */; settings = {ATTRIBUTES = (Public, ); }; };
		30001A9724EF63AB0022BD70 /* YZHFileManager.h in Headers */ = {isa = PBXBuildFile; fileRef = 30001A9524EF63AB0022BD70 /* YZHFileManager.h */; settings = {ATTRIBUTES = (Public, ); }; };
		30001A9824EF63AB0022BD70 /* YZHFileManager.m in Sources */ = {isa = PBXBuildFile; fileRef = 30001A9624EF63AB0022BD70 /* YZHFileManager.m */; };
		3053C9BA262FCC3E00A6A88C /* NSDate+YZHCategory.h in Headers */ = {isa = PBXBuildFile; fileRef = 3053C9B8262FCC3E00A6A88C /* NSDate+YZHCategory.h */; settings = {ATTRIBUTES = (Public, ); }; };
		3053C9BB262FCC3E00A6A88C /* NSDate+YZHCategory.m in Sources */ = {isa = PBXBuildFile; fileRef = 3053C9B9262FCC3E00A6A88C /* NSDate+YZHCategory.m */; };
		305AA89A26E1C6A200FBC73D /* YZHFactory.framework in Frameworks */ = {isa = PBXBuildFile; fileRef = 308B5E8024EBCEB7004E9CC4 /* YZHFactory.framework */; };
		305AA89B26E1C6A200FBC73D /* YZHFactory.framework in Embed Frameworks */ = {isa = PBXBuildFile; fileRef = 308B5E8024EBCEB7004E9CC4 /* YZHFactory.framework */; settings = {ATTRIBUTES = (CodeSignOnCopy, RemoveHeadersOnCopy, ); }; };
		306A57FA25DFB5C700D0A876 /* UIImage+YZHCategory.h in Headers */ = {isa = PBXBuildFile; fileRef = 306A57F825DFB5C700D0A876 /* UIImage+YZHCategory.h */; settings = {ATTRIBUTES = (Public, ); }; };
		306A57FB25DFB5C700D0A876 /* UIImage+YZHCategory.m in Sources */ = {isa = PBXBuildFile; fileRef = 306A57F925DFB5C700D0A876 /* UIImage+YZHCategory.m */; };
		30839C4A25BEBEDE0025CA14 /* UIView+YZHCategory.h in Headers */ = {isa = PBXBuildFile; fileRef = 30839C4825BEBEDE0025CA14 /* UIView+YZHCategory.h */; settings = {ATTRIBUTES = (Public, ); }; };
		30839C4B25BEBEDE0025CA14 /* UIView+YZHCategory.m in Sources */ = {isa = PBXBuildFile; fileRef = 30839C4925BEBEDE0025CA14 /* UIView+YZHCategory.m */; };
		30839C4E25BECC830025CA14 /* YZHCategory.h in Headers */ = {isa = PBXBuildFile; fileRef = 30839C4D25BECC830025CA14 /* YZHCategory.h */; settings = {ATTRIBUTES = (Public, ); }; };
		30839C5B25BECDC70025CA14 /* UIButton+YZHCategory.h in Headers */ = {isa = PBXBuildFile; fileRef = 30839C5925BECDC70025CA14 /* UIButton+YZHCategory.h */; settings = {ATTRIBUTES = (Public, ); }; };
		30839C5C25BECDC70025CA14 /* UIButton+YZHCategory.m in Sources */ = {isa = PBXBuildFile; fileRef = 30839C5A25BECDC70025CA14 /* UIButton+YZHCategory.m */; };
		30839C6225BFAC7E0025CA14 /* UIColor+YZHCategory.h in Headers */ = {isa = PBXBuildFile; fileRef = 30839C6025BFAC7E0025CA14 /* UIColor+YZHCategory.h */; settings = {ATTRIBUTES = (Public, ); }; };
		30839C6325BFAC7E0025CA14 /* UIColor+YZHCategory.m in Sources */ = {isa = PBXBuildFile; fileRef = 30839C6125BFAC7E0025CA14 /* UIColor+YZHCategory.m */; };
		30839C6B25BFFB2F0025CA14 /* UILabel+YZHCategory.h in Headers */ = {isa = PBXBuildFile; fileRef = 30839C6925BFFB2F0025CA14 /* UILabel+YZHCategory.h */; settings = {ATTRIBUTES = (Public, ); }; };
		30839C6C25BFFB2F0025CA14 /* UILabel+YZHCategory.m in Sources */ = {isa = PBXBuildFile; fileRef = 30839C6A25BFFB2F0025CA14 /* UILabel+YZHCategory.m */; };
		30839C7925C01BEF0025CA14 /* NSString+YZHCategory.h in Headers */ = {isa = PBXBuildFile; fileRef = 30839C7725C01BEF0025CA14 /* NSString+YZHCategory.h */; settings = {ATTRIBUTES = (Public, ); }; };
		30839C7A25C01BEF0025CA14 /* NSString+YZHCategory.m in Sources */ = {isa = PBXBuildFile; fileRef = 30839C7825C01BEF0025CA14 /* NSString+YZHCategory.m */; };
		30839CD125C257920025CA14 /* AppDelegate.m in Sources */ = {isa = PBXBuildFile; fileRef = 30839CD025C257920025CA14 /* AppDelegate.m */; };
		30839CD725C257920025CA14 /* ViewController.m in Sources */ = {isa = PBXBuildFile; fileRef = 30839CD625C257920025CA14 /* ViewController.m */; };
		30839CDA25C257920025CA14 /* Main.storyboard in Resources */ = {isa = PBXBuildFile; fileRef = 30839CD825C257920025CA14 /* Main.storyboard */; };
		30839CDC25C257960025CA14 /* Assets.xcassets in Resources */ = {isa = PBXBuildFile; fileRef = 30839CDB25C257960025CA14 /* Assets.xcassets */; };
		30839CDF25C257960025CA14 /* LaunchScreen.storyboard in Resources */ = {isa = PBXBuildFile; fileRef = 30839CDD25C257960025CA14 /* LaunchScreen.storyboard */; };
		30839CE225C257960025CA14 /* main.m in Sources */ = {isa = PBXBuildFile; fileRef = 30839CE125C257960025CA14 /* main.m */; };
		308B5E8524EBCEB7004E9CC4 /* YZHFactory.h in Headers */ = {isa = PBXBuildFile; fileRef = 308B5E8324EBCEB7004E9CC4 /* YZHFactory.h */; settings = {ATTRIBUTES = (Public, ); }; };
		309D750A26DF91DC00F43A28 /* UINavigationController+YZHCategory.h in Headers */ = {isa = PBXBuildFile; fileRef = 309D750826DF91DC00F43A28 /* UINavigationController+YZHCategory.h */; settings = {ATTRIBUTES = (Public, ); }; };
		309D750B26DF91DC00F43A28 /* UINavigationController+YZHCategory.m in Sources */ = {isa = PBXBuildFile; fileRef = 309D750926DF91DC00F43A28 /* UINavigationController+YZHCategory.m */; };
		30B63D45291505E3001B31D2 /* CALayer+YZHCategory.h in Headers */ = {isa = PBXBuildFile; fileRef = 30B63D43291505E3001B31D2 /* CALayer+YZHCategory.h */; };
		30B63D46291505E3001B31D2 /* CALayer+YZHCategory.m in Sources */ = {isa = PBXBuildFile; fileRef = 30B63D44291505E3001B31D2 /* CALayer+YZHCategory.m */; };
		30CBA6F026E06D5700DDC92E /* YZHObject.m in Sources */ = {isa = PBXBuildFile; fileRef = 30CBA6EF26E06D5700DDC92E /* YZHObject.m */; };
		30CBA6F526E0728D00DDC92E /* YZHTESTViewController.m in Sources */ = {isa = PBXBuildFile; fileRef = 30CBA6F426E0728D00DDC92E /* YZHTESTViewController.m */; };
		30CBB1CF26D5EFAD00C7F6D7 /* UIAlertController+YZHCategory.h in Headers */ = {isa = PBXBuildFile; fileRef = 30CBB1CD26D5EFAD00C7F6D7 /* UIAlertController+YZHCategory.h */; settings = {ATTRIBUTES = (Public, ); }; };
		30CBB1D026D5EFAD00C7F6D7 /* UIAlertController+YZHCategory.m in Sources */ = {isa = PBXBuildFile; fileRef = 30CBB1CE26D5EFAD00C7F6D7 /* UIAlertController+YZHCategory.m */; };
/* End PBXBuildFile section */

/* Begin PBXContainerItemProxy section */
		305AA89C26E1C6A200FBC73D /* PBXContainerItemProxy */ = {
			isa = PBXContainerItemProxy;
			containerPortal = 308B5E7724EBCEB7004E9CC4 /* Project object */;
			proxyType = 1;
			remoteGlobalIDString = 308B5E7F24EBCEB7004E9CC4;
			remoteInfo = YZHFactory;
		};
/* End PBXContainerItemProxy section */

/* Begin PBXCopyFilesBuildPhase section */
		305AA89E26E1C6A200FBC73D /* Embed Frameworks */ = {
			isa = PBXCopyFilesBuildPhase;
			buildActionMask = 2147483647;
			dstPath = "";
			dstSubfolderSpec = 10;
			files = (
				305AA89B26E1C6A200FBC73D /* YZHFactory.framework in Embed Frameworks */,
			);
			name = "Embed Frameworks";
			runOnlyForDeploymentPostprocessing = 0;
		};
/* End PBXCopyFilesBuildPhase section */

/* Begin PBXFileReference section */
		30001A8B24EF63920022BD70 /* UIViewController+YZHCaregory.h */ = {isa = PBXFileReference; fileEncoding = 4; lastKnownFileType = sourcecode.c.h; path = "UIViewController+YZHCaregory.h"; sourceTree = "<group>"; };
		30001A8C24EF63920022BD70 /* UIViewController+YZHCaregory.m */ = {isa = PBXFileReference; fileEncoding = 4; lastKnownFileType = sourcecode.c.objc; path = "UIViewController+YZHCaregory.m"; sourceTree = "<group>"; };
		30001A8F24EF639A0022BD70 /* YZHConvertUtils.m */ = {isa = PBXFileReference; fileEncoding = 4; lastKnownFileType = sourcecode.c.objc; path = YZHConvertUtils.m; sourceTree = "<group>"; };
		30001A9024EF639A0022BD70 /* YZHConvertUtils.h */ = {isa = PBXFileReference; fileEncoding = 4; lastKnownFileType = sourcecode.c.h; path = YZHConvertUtils.h; sourceTree = "<group>"; };
		30001A9324EF63A20022BD70 /* YZHDefine.h */ = {isa = PBXFileReference; fileEncoding = 4; lastKnownFileType = sourcecode.c.h; path = YZHDefine.h; sourceTree = "<group>"; };
		30001A9524EF63AB0022BD70 /* YZHFileManager.h */ = {isa = PBXFileReference; fileEncoding = 4; lastKnownFileType = sourcecode.c.h; path = YZHFileManager.h; sourceTree = "<group>"; };
		30001A9624EF63AB0022BD70 /* YZHFileManager.m */ = {isa = PBXFileReference; fileEncoding = 4; lastKnownFileType = sourcecode.c.objc; path = YZHFileManager.m; sourceTree = "<group>"; };
		3053C9B8262FCC3E00A6A88C /* NSDate+YZHCategory.h */ = {isa = PBXFileReference; lastKnownFileType = sourcecode.c.h; path = "NSDate+YZHCategory.h"; sourceTree = "<group>"; };
		3053C9B9262FCC3E00A6A88C /* NSDate+YZHCategory.m */ = {isa = PBXFileReference; lastKnownFileType = sourcecode.c.objc; path = "NSDate+YZHCategory.m"; sourceTree = "<group>"; };
		306A57F825DFB5C700D0A876 /* UIImage+YZHCategory.h */ = {isa = PBXFileReference; lastKnownFileType = sourcecode.c.h; path = "UIImage+YZHCategory.h"; sourceTree = "<group>"; };
		306A57F925DFB5C700D0A876 /* UIImage+YZHCategory.m */ = {isa = PBXFileReference; lastKnownFileType = sourcecode.c.objc; path = "UIImage+YZHCategory.m"; sourceTree = "<group>"; };
		30839C4825BEBEDE0025CA14 /* UIView+YZHCategory.h */ = {isa = PBXFileReference; lastKnownFileType = sourcecode.c.h; path = "UIView+YZHCategory.h"; sourceTree = "<group>"; };
		30839C4925BEBEDE0025CA14 /* UIView+YZHCategory.m */ = {isa = PBXFileReference; lastKnownFileType = sourcecode.c.objc; path = "UIView+YZHCategory.m"; sourceTree = "<group>"; };
		30839C4D25BECC830025CA14 /* YZHCategory.h */ = {isa = PBXFileReference; lastKnownFileType = sourcecode.c.h; path = YZHCategory.h; sourceTree = "<group>"; };
		30839C5925BECDC70025CA14 /* UIButton+YZHCategory.h */ = {isa = PBXFileReference; lastKnownFileType = sourcecode.c.h; path = "UIButton+YZHCategory.h"; sourceTree = "<group>"; };
		30839C5A25BECDC70025CA14 /* UIButton+YZHCategory.m */ = {isa = PBXFileReference; lastKnownFileType = sourcecode.c.objc; path = "UIButton+YZHCategory.m"; sourceTree = "<group>"; };
		30839C6025BFAC7E0025CA14 /* UIColor+YZHCategory.h */ = {isa = PBXFileReference; lastKnownFileType = sourcecode.c.h; path = "UIColor+YZHCategory.h"; sourceTree = "<group>"; };
		30839C6125BFAC7E0025CA14 /* UIColor+YZHCategory.m */ = {isa = PBXFileReference; lastKnownFileType = sourcecode.c.objc; path = "UIColor+YZHCategory.m"; sourceTree = "<group>"; };
		30839C6925BFFB2F0025CA14 /* UILabel+YZHCategory.h */ = {isa = PBXFileReference; lastKnownFileType = sourcecode.c.h; path = "UILabel+YZHCategory.h"; sourceTree = "<group>"; };
		30839C6A25BFFB2F0025CA14 /* UILabel+YZHCategory.m */ = {isa = PBXFileReference; lastKnownFileType = sourcecode.c.objc; path = "UILabel+YZHCategory.m"; sourceTree = "<group>"; };
		30839C7725C01BEF0025CA14 /* NSString+YZHCategory.h */ = {isa = PBXFileReference; lastKnownFileType = sourcecode.c.h; path = "NSString+YZHCategory.h"; sourceTree = "<group>"; };
		30839C7825C01BEF0025CA14 /* NSString+YZHCategory.m */ = {isa = PBXFileReference; lastKnownFileType = sourcecode.c.objc; path = "NSString+YZHCategory.m"; sourceTree = "<group>"; };
		30839CCD25C257920025CA14 /* YZHFactoryDemo.app */ = {isa = PBXFileReference; explicitFileType = wrapper.application; includeInIndex = 0; path = YZHFactoryDemo.app; sourceTree = BUILT_PRODUCTS_DIR; };
		30839CCF25C257920025CA14 /* AppDelegate.h */ = {isa = PBXFileReference; lastKnownFileType = sourcecode.c.h; path = AppDelegate.h; sourceTree = "<group>"; };
		30839CD025C257920025CA14 /* AppDelegate.m */ = {isa = PBXFileReference; lastKnownFileType = sourcecode.c.objc; path = AppDelegate.m; sourceTree = "<group>"; };
		30839CD525C257920025CA14 /* ViewController.h */ = {isa = PBXFileReference; lastKnownFileType = sourcecode.c.h; path = ViewController.h; sourceTree = "<group>"; };
		30839CD625C257920025CA14 /* ViewController.m */ = {isa = PBXFileReference; lastKnownFileType = sourcecode.c.objc; path = ViewController.m; sourceTree = "<group>"; };
		30839CD925C257920025CA14 /* Base */ = {isa = PBXFileReference; lastKnownFileType = file.storyboard; name = Base; path = Base.lproj/Main.storyboard; sourceTree = "<group>"; };
		30839CDB25C257960025CA14 /* Assets.xcassets */ = {isa = PBXFileReference; lastKnownFileType = folder.assetcatalog; path = Assets.xcassets; sourceTree = "<group>"; };
		30839CDE25C257960025CA14 /* Base */ = {isa = PBXFileReference; lastKnownFileType = file.storyboard; name = Base; path = Base.lproj/LaunchScreen.storyboard; sourceTree = "<group>"; };
		30839CE025C257960025CA14 /* Info.plist */ = {isa = PBXFileReference; lastKnownFileType = text.plist.xml; path = Info.plist; sourceTree = "<group>"; };
		30839CE125C257960025CA14 /* main.m */ = {isa = PBXFileReference; lastKnownFileType = sourcecode.c.objc; path = main.m; sourceTree = "<group>"; };
		308B5E8024EBCEB7004E9CC4 /* YZHFactory.framework */ = {isa = PBXFileReference; explicitFileType = wrapper.framework; includeInIndex = 0; path = YZHFactory.framework; sourceTree = BUILT_PRODUCTS_DIR; };
		308B5E8324EBCEB7004E9CC4 /* YZHFactory.h */ = {isa = PBXFileReference; lastKnownFileType = sourcecode.c.h; path = YZHFactory.h; sourceTree = "<group>"; };
		308B5E8424EBCEB7004E9CC4 /* Info.plist */ = {isa = PBXFileReference; lastKnownFileType = text.plist.xml; path = Info.plist; sourceTree = "<group>"; };
		309D750826DF91DC00F43A28 /* UINavigationController+YZHCategory.h */ = {isa = PBXFileReference; fileEncoding = 4; lastKnownFileType = sourcecode.c.h; path = "UINavigationController+YZHCategory.h"; sourceTree = "<group>"; };
		309D750926DF91DC00F43A28 /* UINavigationController+YZHCategory.m */ = {isa = PBXFileReference; lastKnownFileType = sourcecode.c.objc; path = "UINavigationController+YZHCategory.m"; sourceTree = "<group>"; };
		30B63D43291505E3001B31D2 /* CALayer+YZHCategory.h */ = {isa = PBXFileReference; lastKnownFileType = sourcecode.c.h; path = "CALayer+YZHCategory.h"; sourceTree = "<group>"; };
		30B63D44291505E3001B31D2 /* CALayer+YZHCategory.m */ = {isa = PBXFileReference; lastKnownFileType = sourcecode.c.objc; path = "CALayer+YZHCategory.m"; sourceTree = "<group>"; };
		30CBA6EE26E06D5700DDC92E /* YZHObject.h */ = {isa = PBXFileReference; lastKnownFileType = sourcecode.c.h; path = YZHObject.h; sourceTree = "<group>"; };
		30CBA6EF26E06D5700DDC92E /* YZHObject.m */ = {isa = PBXFileReference; lastKnownFileType = sourcecode.c.objc; path = YZHObject.m; sourceTree = "<group>"; };
		30CBA6F326E0728D00DDC92E /* YZHTESTViewController.h */ = {isa = PBXFileReference; lastKnownFileType = sourcecode.c.h; path = YZHTESTViewController.h; sourceTree = "<group>"; };
		30CBA6F426E0728D00DDC92E /* YZHTESTViewController.m */ = {isa = PBXFileReference; lastKnownFileType = sourcecode.c.objc; path = YZHTESTViewController.m; sourceTree = "<group>"; };
		30CBA6F626E07FB200DDC92E /* PrefixHeader.pch */ = {isa = PBXFileReference; lastKnownFileType = sourcecode.c.h; path = PrefixHeader.pch; sourceTree = "<group>"; };
		30CBB1CD26D5EFAD00C7F6D7 /* UIAlertController+YZHCategory.h */ = {isa = PBXFileReference; lastKnownFileType = sourcecode.c.h; path = "UIAlertController+YZHCategory.h"; sourceTree = "<group>"; };
		30CBB1CE26D5EFAD00C7F6D7 /* UIAlertController+YZHCategory.m */ = {isa = PBXFileReference; lastKnownFileType = sourcecode.c.objc; path = "UIAlertController+YZHCategory.m"; sourceTree = "<group>"; };
/* End PBXFileReference section */

/* Begin PBXFrameworksBuildPhase section */
		30839CCA25C257920025CA14 /* Frameworks */ = {
			isa = PBXFrameworksBuildPhase;
			buildActionMask = 2147483647;
			files = (
				305AA89A26E1C6A200FBC73D /* YZHFactory.framework in Frameworks */,
			);
			runOnlyForDeploymentPostprocessing = 0;
		};
		308B5E7D24EBCEB7004E9CC4 /* Frameworks */ = {
			isa = PBXFrameworksBuildPhase;
			buildActionMask = 2147483647;
			files = (
			);
			runOnlyForDeploymentPostprocessing = 0;
		};
/* End PBXFrameworksBuildPhase section */

/* Begin PBXGroup section */
		3029E81B24ED2E310088A112 /* Utils */ = {
			isa = PBXGroup;
			children = (
				30001A9024EF639A0022BD70 /* YZHConvertUtils.h */,
				30001A8F24EF639A0022BD70 /* YZHConvertUtils.m */,
			);
			name = Utils;
			sourceTree = "<group>";
		};
		3029E81D24ED2E6A0088A112 /* SourceFiles */ = {
			isa = PBXGroup;
			children = (
				308B5E8324EBCEB7004E9CC4 /* YZHFactory.h */,
				308B5E8424EBCEB7004E9CC4 /* Info.plist */,
			);
			name = SourceFiles;
			sourceTree = "<group>";
		};
		3029E81E24ED2E7D0088A112 /* UI */ = {
			isa = PBXGroup;
			children = (
			);
			name = UI;
			sourceTree = "<group>";
		};
		3029E82324ED2F000088A112 /* Define */ = {
			isa = PBXGroup;
			children = (
				30001A9324EF63A20022BD70 /* YZHDefine.h */,
			);
			name = Define;
			sourceTree = "<group>";
		};
		3029E82424ED2F210088A112 /* FileManager */ = {
			isa = PBXGroup;
			children = (
				30001A9524EF63AB0022BD70 /* YZHFileManager.h */,
				30001A9624EF63AB0022BD70 /* YZHFileManager.m */,
			);
			name = FileManager;
			sourceTree = "<group>";
		};
		3029E82F24EE08EF0088A112 /* UIKit+Category */ = {
			isa = PBXGroup;
			children = (
				30839C4D25BECC830025CA14 /* YZHCategory.h */,
				3053C9B8262FCC3E00A6A88C /* NSDate+YZHCategory.h */,
				3053C9B9262FCC3E00A6A88C /* NSDate+YZHCategory.m */,
				30839C7725C01BEF0025CA14 /* NSString+YZHCategory.h */,
				30839C7825C01BEF0025CA14 /* NSString+YZHCategory.m */,
				30CBB1CD26D5EFAD00C7F6D7 /* UIAlertController+YZHCategory.h */,
				30CBB1CE26D5EFAD00C7F6D7 /* UIAlertController+YZHCategory.m */,
				30839C5925BECDC70025CA14 /* UIButton+YZHCategory.h */,
				30839C5A25BECDC70025CA14 /* UIButton+YZHCategory.m */,
				30839C6025BFAC7E0025CA14 /* UIColor+YZHCategory.h */,
				30839C6125BFAC7E0025CA14 /* UIColor+YZHCategory.m */,
				306A57F825DFB5C700D0A876 /* UIImage+YZHCategory.h */,
				306A57F925DFB5C700D0A876 /* UIImage+YZHCategory.m */,
				30839C6925BFFB2F0025CA14 /* UILabel+YZHCategory.h */,
				30839C6A25BFFB2F0025CA14 /* UILabel+YZHCategory.m */,
				309D750826DF91DC00F43A28 /* UINavigationController+YZHCategory.h */,
				309D750926DF91DC00F43A28 /* UINavigationController+YZHCategory.m */,
				30839C4825BEBEDE0025CA14 /* UIView+YZHCategory.h */,
				30839C4925BEBEDE0025CA14 /* UIView+YZHCategory.m */,
				30001A8B24EF63920022BD70 /* UIViewController+YZHCaregory.h */,
				30001A8C24EF63920022BD70 /* UIViewController+YZHCaregory.m */,
				30B63D43291505E3001B31D2 /* CALayer+YZHCategory.h */,
				30B63D44291505E3001B31D2 /* CALayer+YZHCategory.m */,
			);
			name = "UIKit+Category";
			sourceTree = "<group>";
		};
		305AA89426E1C5F000FBC73D /* Frameworks */ = {
			isa = PBXGroup;
			children = (
			);
			name = Frameworks;
			sourceTree = "<group>";
		};
		30839CCE25C257920025CA14 /* YZHFactoryDemo */ = {
			isa = PBXGroup;
			children = (
				30839CCF25C257920025CA14 /* AppDelegate.h */,
				30839CD025C257920025CA14 /* AppDelegate.m */,
				30839CD525C257920025CA14 /* ViewController.h */,
				30839CD625C257920025CA14 /* ViewController.m */,
				30839CD825C257920025CA14 /* Main.storyboard */,
				30CBA6F626E07FB200DDC92E /* PrefixHeader.pch */,
				30CBA6EC26E06B7500DDC92E /* Modules */,
				30839CDB25C257960025CA14 /* Assets.xcassets */,
				30839CDD25C257960025CA14 /* LaunchScreen.storyboard */,
				30839CE025C257960025CA14 /* Info.plist */,
				30839CE125C257960025CA14 /* main.m */,
			);
			path = YZHFactoryDemo;
			sourceTree = "<group>";
		};
		308B5E7624EBCEB6004E9CC4 = {
			isa = PBXGroup;
			children = (
				308B5E8224EBCEB7004E9CC4 /* YZHFactory */,
				30839CCE25C257920025CA14 /* YZHFactoryDemo */,
				308B5E8124EBCEB7004E9CC4 /* Products */,
				305AA89426E1C5F000FBC73D /* Frameworks */,
			);
			sourceTree = "<group>";
		};
		308B5E8124EBCEB7004E9CC4 /* Products */ = {
			isa = PBXGroup;
			children = (
				308B5E8024EBCEB7004E9CC4 /* YZHFactory.framework */,
				30839CCD25C257920025CA14 /* YZHFactoryDemo.app */,
			);
			name = Products;
			sourceTree = "<group>";
		};
		308B5E8224EBCEB7004E9CC4 /* YZHFactory */ = {
			isa = PBXGroup;
			children = (
				3029E82F24EE08EF0088A112 /* UIKit+Category */,
				3029E82324ED2F000088A112 /* Define */,
				3029E82424ED2F210088A112 /* FileManager */,
				3029E81D24ED2E6A0088A112 /* SourceFiles */,
				3029E81E24ED2E7D0088A112 /* UI */,
				3029E81B24ED2E310088A112 /* Utils */,
			);
			path = YZHFactory;
			sourceTree = "<group>";
		};
		30CBA6EC26E06B7500DDC92E /* Modules */ = {
			isa = PBXGroup;
			children = (
				30CBA6F226E0725700DDC92E /* ViewController */,
				30CBA6ED26E06D3400DDC92E /* YZHDefine */,
			);
			path = Modules;
			sourceTree = "<group>";
		};
		30CBA6ED26E06D3400DDC92E /* YZHDefine */ = {
			isa = PBXGroup;
			children = (
				30CBA6EE26E06D5700DDC92E /* YZHObject.h */,
				30CBA6EF26E06D5700DDC92E /* YZHObject.m */,
			);
			path = YZHDefine;
			sourceTree = "<group>";
		};
		30CBA6F226E0725700DDC92E /* ViewController */ = {
			isa = PBXGroup;
			children = (
				30CBA6F326E0728D00DDC92E /* YZHTESTViewController.h */,
				30CBA6F426E0728D00DDC92E /* YZHTESTViewController.m */,
			);
			path = ViewController;
			sourceTree = "<group>";
		};
/* End PBXGroup section */

/* Begin PBXHeadersBuildPhase section */
		308B5E7B24EBCEB7004E9CC4 /* Headers */ = {
			isa = PBXHeadersBuildPhase;
			buildActionMask = 2147483647;
			files = (
				30B63D45291505E3001B31D2 /* CALayer+YZHCategory.h in Headers */,
				309D750A26DF91DC00F43A28 /* UINavigationController+YZHCategory.h in Headers */,
				306A57FA25DFB5C700D0A876 /* UIImage+YZHCategory.h in Headers */,
				30CBB1CF26D5EFAD00C7F6D7 /* UIAlertController+YZHCategory.h in Headers */,
				308B5E8524EBCEB7004E9CC4 /* YZHFactory.h in Headers */,
				3053C9BA262FCC3E00A6A88C /* NSDate+YZHCategory.h in Headers */,
				30839C6225BFAC7E0025CA14 /* UIColor+YZHCategory.h in Headers */,
				30001A8D24EF63920022BD70 /* UIViewController+YZHCaregory.h in Headers */,
				30839C5B25BECDC70025CA14 /* UIButton+YZHCategory.h in Headers */,
				30001A9724EF63AB0022BD70 /* YZHFileManager.h in Headers */,
				30001A9224EF639A0022BD70 /* YZHConvertUtils.h in Headers */,
				30839C4E25BECC830025CA14 /* YZHCategory.h in Headers */,
				30839C6B25BFFB2F0025CA14 /* UILabel+YZHCategory.h in Headers */,
				30839C7925C01BEF0025CA14 /* NSString+YZHCategory.h in Headers */,
				30001A9424EF63A20022BD70 /* YZHDefine.h in Headers */,
				30839C4A25BEBEDE0025CA14 /* UIView+YZHCategory.h in Headers */,
			);
			runOnlyForDeploymentPostprocessing = 0;
		};
/* End PBXHeadersBuildPhase section */

/* Begin PBXNativeTarget section */
		30839CCC25C257920025CA14 /* YZHFactoryDemo */ = {
			isa = PBXNativeTarget;
			buildConfigurationList = 30839CE525C257960025CA14 /* Build configuration list for PBXNativeTarget "YZHFactoryDemo" */;
			buildPhases = (
				30839CC925C257920025CA14 /* Sources */,
				30839CCA25C257920025CA14 /* Frameworks */,
				30839CCB25C257920025CA14 /* Resources */,
				305AA89E26E1C6A200FBC73D /* Embed Frameworks */,
			);
			buildRules = (
			);
			dependencies = (
				305AA89D26E1C6A200FBC73D /* PBXTargetDependency */,
			);
			name = YZHFactoryDemo;
			productName = YZHFactoryDemo;
			productReference = 30839CCD25C257920025CA14 /* YZHFactoryDemo.app */;
			productType = "com.apple.product-type.application";
		};
		308B5E7F24EBCEB7004E9CC4 /* YZHFactory */ = {
			isa = PBXNativeTarget;
			buildConfigurationList = 308B5E8824EBCEB7004E9CC4 /* Build configuration list for PBXNativeTarget "YZHFactory" */;
			buildPhases = (
				308B5E7B24EBCEB7004E9CC4 /* Headers */,
				308B5E7C24EBCEB7004E9CC4 /* Sources */,
				308B5E7D24EBCEB7004E9CC4 /* Frameworks */,
				308B5E7E24EBCEB7004E9CC4 /* Resources */,
			);
			buildRules = (
			);
			dependencies = (
			);
			name = YZHFactory;
			productName = YZHFactory;
			productReference = 308B5E8024EBCEB7004E9CC4 /* YZHFactory.framework */;
			productType = "com.apple.product-type.framework";
		};
/* End PBXNativeTarget section */

/* Begin PBXProject section */
		308B5E7724EBCEB7004E9CC4 /* Project object */ = {
			isa = PBXProject;
			attributes = {
				CLASSPREFIX = YZH;
				LastUpgradeCheck = 1250;
				ORGANIZATIONNAME = yzh;
				TargetAttributes = {
					30839CCC25C257920025CA14 = {
						CreatedOnToolsVersion = 12.2;
					};
					308B5E7F24EBCEB7004E9CC4 = {
						CreatedOnToolsVersion = 11.6;
					};
				};
			};
			buildConfigurationList = 308B5E7A24EBCEB7004E9CC4 /* Build configuration list for PBXProject "YZHFactory" */;
			compatibilityVersion = "Xcode 9.3";
			developmentRegion = en;
			hasScannedForEncodings = 0;
			knownRegions = (
				en,
				Base,
			);
			mainGroup = 308B5E7624EBCEB6004E9CC4;
			productRefGroup = 308B5E8124EBCEB7004E9CC4 /* Products */;
			projectDirPath = "";
			projectRoot = "";
			targets = (
				308B5E7F24EBCEB7004E9CC4 /* YZHFactory */,
				30839CCC25C257920025CA14 /* YZHFactoryDemo */,
			);
		};
/* End PBXProject section */

/* Begin PBXResourcesBuildPhase section */
		30839CCB25C257920025CA14 /* Resources */ = {
			isa = PBXResourcesBuildPhase;
			buildActionMask = 2147483647;
			files = (
				30839CDF25C257960025CA14 /* LaunchScreen.storyboard in Resources */,
				30839CDC25C257960025CA14 /* Assets.xcassets in Resources */,
				30839CDA25C257920025CA14 /* Main.storyboard in Resources */,
			);
			runOnlyForDeploymentPostprocessing = 0;
		};
		308B5E7E24EBCEB7004E9CC4 /* Resources */ = {
			isa = PBXResourcesBuildPhase;
			buildActionMask = 2147483647;
			files = (
			);
			runOnlyForDeploymentPostprocessing = 0;
		};
/* End PBXResourcesBuildPhase section */

/* Begin PBXSourcesBuildPhase section */
		30839CC925C257920025CA14 /* Sources */ = {
			isa = PBXSourcesBuildPhase;
			buildActionMask = 2147483647;
			files = (
				30CBA6F026E06D5700DDC92E /* YZHObject.m in Sources */,
				30839CD725C257920025CA14 /* ViewController.m in Sources */,
				30839CD125C257920025CA14 /* AppDelegate.m in Sources */,
				30CBA6F526E0728D00DDC92E /* YZHTESTViewController.m in Sources */,
				30839CE225C257960025CA14 /* main.m in Sources */,
			);
			runOnlyForDeploymentPostprocessing = 0;
		};
		308B5E7C24EBCEB7004E9CC4 /* Sources */ = {
			isa = PBXSourcesBuildPhase;
			buildActionMask = 2147483647;
			files = (
				3053C9BB262FCC3E00A6A88C /* NSDate+YZHCategory.m in Sources */,
				30839C4B25BEBEDE0025CA14 /* UIView+YZHCategory.m in Sources */,
				30839C6325BFAC7E0025CA14 /* UIColor+YZHCategory.m in Sources */,
				30839C6C25BFFB2F0025CA14 /* UILabel+YZHCategory.m in Sources */,
				30001A9824EF63AB0022BD70 /* YZHFileManager.m in Sources */,
				30CBB1D026D5EFAD00C7F6D7 /* UIAlertController+YZHCategory.m in Sources */,
				30001A8E24EF63920022BD70 /* UIViewController+YZHCaregory.m in Sources */,
				309D750B26DF91DC00F43A28 /* UINavigationController+YZHCategory.m in Sources */,
				30839C7A25C01BEF0025CA14 /* NSString+YZHCategory.m in Sources */,
				30B63D46291505E3001B31D2 /* CALayer+YZHCategory.m in Sources */,
				306A57FB25DFB5C700D0A876 /* UIImage+YZHCategory.m in Sources */,
				30001A9124EF639A0022BD70 /* YZHConvertUtils.m in Sources */,
				30839C5C25BECDC70025CA14 /* UIButton+YZHCategory.m in Sources */,
			);
			runOnlyForDeploymentPostprocessing = 0;
		};
/* End PBXSourcesBuildPhase section */

/* Begin PBXTargetDependency section */
		305AA89D26E1C6A200FBC73D /* PBXTargetDependency */ = {
			isa = PBXTargetDependency;
			target = 308B5E7F24EBCEB7004E9CC4 /* YZHFactory */;
			targetProxy = 305AA89C26E1C6A200FBC73D /* PBXContainerItemProxy */;
		};
/* End PBXTargetDependency section */

/* Begin PBXVariantGroup section */
		30839CD825C257920025CA14 /* Main.storyboard */ = {
			isa = PBXVariantGroup;
			children = (
				30839CD925C257920025CA14 /* Base */,
			);
			name = Main.storyboard;
			sourceTree = "<group>";
		};
		30839CDD25C257960025CA14 /* LaunchScreen.storyboard */ = {
			isa = PBXVariantGroup;
			children = (
				30839CDE25C257960025CA14 /* Base */,
			);
			name = LaunchScreen.storyboard;
			sourceTree = "<group>";
		};
/* End PBXVariantGroup section */

/* Begin XCBuildConfiguration section */
		30839CE325C257960025CA14 /* Debug */ = {
			isa = XCBuildConfiguration;
			buildSettings = {
				ASSETCATALOG_COMPILER_APPICON_NAME = AppIcon;
				ASSETCATALOG_COMPILER_GLOBAL_ACCENT_COLOR_NAME = AccentColor;
				CLANG_WARN_QUOTED_INCLUDE_IN_FRAMEWORK_HEADER = YES;
				CODE_SIGN_STYLE = Automatic;
				DEVELOPMENT_TEAM = MBB6RBH9JT;
				GCC_PRECOMPILE_PREFIX_HEADER = NO;
				GCC_PREFIX_HEADER = "${SRCROOT}/YZHFactoryDemo/PrefixHeader.pch";
				INFOPLIST_FILE = YZHFactoryDemo/Info.plist;
				IPHONEOS_DEPLOYMENT_TARGET = 9.0;
				LD_RUNPATH_SEARCH_PATHS = (
					"$(inherited)",
					"@executable_path/Frameworks",
				);
				OTHER_LDFLAGS = "-all_load";
				PRODUCT_BUNDLE_IDENTIFIER = com.zcsmart.YZHFactoryDemo;
				PRODUCT_NAME = "$(TARGET_NAME)";
				TARGETED_DEVICE_FAMILY = 1;
			};
			name = Debug;
		};
		30839CE425C257960025CA14 /* Release */ = {
			isa = XCBuildConfiguration;
			buildSettings = {
				ASSETCATALOG_COMPILER_APPICON_NAME = AppIcon;
				ASSETCATALOG_COMPILER_GLOBAL_ACCENT_COLOR_NAME = AccentColor;
				CLANG_WARN_QUOTED_INCLUDE_IN_FRAMEWORK_HEADER = YES;
				CODE_SIGN_STYLE = Automatic;
				DEVELOPMENT_TEAM = MBB6RBH9JT;
				GCC_PRECOMPILE_PREFIX_HEADER = NO;
				GCC_PREFIX_HEADER = "${SRCROOT}/YZHFactoryDemo/PrefixHeader.pch";
				INFOPLIST_FILE = YZHFactoryDemo/Info.plist;
				IPHONEOS_DEPLOYMENT_TARGET = 9.0;
				LD_RUNPATH_SEARCH_PATHS = (
					"$(inherited)",
					"@executable_path/Frameworks",
				);
				OTHER_LDFLAGS = "-all_load";
				PRODUCT_BUNDLE_IDENTIFIER = com.zcsmart.YZHFactoryDemo;
				PRODUCT_NAME = "$(TARGET_NAME)";
				TARGETED_DEVICE_FAMILY = 1;
			};
			name = Release;
		};
		308B5E8624EBCEB7004E9CC4 /* Debug */ = {
			isa = XCBuildConfiguration;
			buildSettings = {
				ALWAYS_SEARCH_USER_PATHS = NO;
				CLANG_ANALYZER_NONNULL = YES;
				CLANG_ANALYZER_NUMBER_OBJECT_CONVERSION = YES_AGGRESSIVE;
				CLANG_CXX_LANGUAGE_STANDARD = "gnu++14";
				CLANG_CXX_LIBRARY = "libc++";
				CLANG_ENABLE_MODULES = YES;
				CLANG_ENABLE_OBJC_ARC = YES;
				CLANG_ENABLE_OBJC_WEAK = YES;
				CLANG_WARN_BLOCK_CAPTURE_AUTORELEASING = YES;
				CLANG_WARN_BOOL_CONVERSION = YES;
				CLANG_WARN_COMMA = YES;
				CLANG_WARN_CONSTANT_CONVERSION = YES;
				CLANG_WARN_DEPRECATED_OBJC_IMPLEMENTATIONS = YES;
				CLANG_WARN_DIRECT_OBJC_ISA_USAGE = YES_ERROR;
				CLANG_WARN_DOCUMENTATION_COMMENTS = YES;
				CLANG_WARN_EMPTY_BODY = YES;
				CLANG_WARN_ENUM_CONVERSION = YES;
				CLANG_WARN_INFINITE_RECURSION = YES;
				CLANG_WARN_INT_CONVERSION = YES;
				CLANG_WARN_NON_LITERAL_NULL_CONVERSION = YES;
				CLANG_WARN_OBJC_IMPLICIT_RETAIN_SELF = YES;
				CLANG_WARN_OBJC_LITERAL_CONVERSION = YES;
				CLANG_WARN_OBJC_ROOT_CLASS = YES_ERROR;
				CLANG_WARN_QUOTED_INCLUDE_IN_FRAMEWORK_HEADER = YES;
				CLANG_WARN_RANGE_LOOP_ANALYSIS = YES;
				CLANG_WARN_STRICT_PROTOTYPES = YES;
				CLANG_WARN_SUSPICIOUS_MOVE = YES;
				CLANG_WARN_UNGUARDED_AVAILABILITY = YES_AGGRESSIVE;
				CLANG_WARN_UNREACHABLE_CODE = YES;
				CLANG_WARN__DUPLICATE_METHOD_MATCH = YES;
				COPY_PHASE_STRIP = NO;
				CURRENT_PROJECT_VERSION = 1;
				DEBUG_INFORMATION_FORMAT = dwarf;
				ENABLE_STRICT_OBJC_MSGSEND = YES;
				ENABLE_TESTABILITY = YES;
				GCC_C_LANGUAGE_STANDARD = gnu11;
				GCC_DYNAMIC_NO_PIC = NO;
				GCC_NO_COMMON_BLOCKS = YES;
				GCC_OPTIMIZATION_LEVEL = 0;
				GCC_PREPROCESSOR_DEFINITIONS = (
					"DEBUG=1",
					"$(inherited)",
				);
				GCC_WARN_64_TO_32_BIT_CONVERSION = YES;
				GCC_WARN_ABOUT_RETURN_TYPE = YES_ERROR;
				GCC_WARN_UNDECLARED_SELECTOR = YES;
				GCC_WARN_UNINITIALIZED_AUTOS = YES_AGGRESSIVE;
				GCC_WARN_UNUSED_FUNCTION = YES;
				GCC_WARN_UNUSED_VARIABLE = YES;
				IPHONEOS_DEPLOYMENT_TARGET = 9.0;
				MTL_ENABLE_DEBUG_INFO = INCLUDE_SOURCE;
				MTL_FAST_MATH = YES;
				ONLY_ACTIVE_ARCH = YES;
				SDKROOT = iphoneos;
				VERSIONING_SYSTEM = "apple-generic";
				VERSION_INFO_PREFIX = "";
			};
			name = Debug;
		};
		308B5E8724EBCEB7004E9CC4 /* Release */ = {
			isa = XCBuildConfiguration;
			buildSettings = {
				ALWAYS_SEARCH_USER_PATHS = NO;
				CLANG_ANALYZER_NONNULL = YES;
				CLANG_ANALYZER_NUMBER_OBJECT_CONVERSION = YES_AGGRESSIVE;
				CLANG_CXX_LANGUAGE_STANDARD = "gnu++14";
				CLANG_CXX_LIBRARY = "libc++";
				CLANG_ENABLE_MODULES = YES;
				CLANG_ENABLE_OBJC_ARC = YES;
				CLANG_ENABLE_OBJC_WEAK = YES;
				CLANG_WARN_BLOCK_CAPTURE_AUTORELEASING = YES;
				CLANG_WARN_BOOL_CONVERSION = YES;
				CLANG_WARN_COMMA = YES;
				CLANG_WARN_CONSTANT_CONVERSION = YES;
				CLANG_WARN_DEPRECATED_OBJC_IMPLEMENTATIONS = YES;
				CLANG_WARN_DIRECT_OBJC_ISA_USAGE = YES_ERROR;
				CLANG_WARN_DOCUMENTATION_COMMENTS = YES;
				CLANG_WARN_EMPTY_BODY = YES;
				CLANG_WARN_ENUM_CONVERSION = YES;
				CLANG_WARN_INFINITE_RECURSION = YES;
				CLANG_WARN_INT_CONVERSION = YES;
				CLANG_WARN_NON_LITERAL_NULL_CONVERSION = YES;
				CLANG_WARN_OBJC_IMPLICIT_RETAIN_SELF = YES;
				CLANG_WARN_OBJC_LITERAL_CONVERSION = YES;
				CLANG_WARN_OBJC_ROOT_CLASS = YES_ERROR;
				CLANG_WARN_QUOTED_INCLUDE_IN_FRAMEWORK_HEADER = YES;
				CLANG_WARN_RANGE_LOOP_ANALYSIS = YES;
				CLANG_WARN_STRICT_PROTOTYPES = YES;
				CLANG_WARN_SUSPICIOUS_MOVE = YES;
				CLANG_WARN_UNGUARDED_AVAILABILITY = YES_AGGRESSIVE;
				CLANG_WARN_UNREACHABLE_CODE = YES;
				CLANG_WARN__DUPLICATE_METHOD_MATCH = YES;
				COPY_PHASE_STRIP = NO;
				CURRENT_PROJECT_VERSION = 1;
				DEBUG_INFORMATION_FORMAT = "dwarf-with-dsym";
				ENABLE_NS_ASSERTIONS = NO;
				ENABLE_STRICT_OBJC_MSGSEND = YES;
				GCC_C_LANGUAGE_STANDARD = gnu11;
				GCC_NO_COMMON_BLOCKS = YES;
				GCC_WARN_64_TO_32_BIT_CONVERSION = YES;
				GCC_WARN_ABOUT_RETURN_TYPE = YES_ERROR;
				GCC_WARN_UNDECLARED_SELECTOR = YES;
				GCC_WARN_UNINITIALIZED_AUTOS = YES_AGGRESSIVE;
				GCC_WARN_UNUSED_FUNCTION = YES;
				GCC_WARN_UNUSED_VARIABLE = YES;
				IPHONEOS_DEPLOYMENT_TARGET = 9.0;
				MTL_ENABLE_DEBUG_INFO = NO;
				MTL_FAST_MATH = YES;
				SDKROOT = iphoneos;
				VALIDATE_PRODUCT = YES;
				VERSIONING_SYSTEM = "apple-generic";
				VERSION_INFO_PREFIX = "";
			};
			name = Release;
		};
		308B5E8924EBCEB7004E9CC4 /* Debug */ = {
			isa = XCBuildConfiguration;
			buildSettings = {
				BITCODE_GENERATION_MODE = marker;
				CLANG_ANALYZER_LOCALIZABILITY_NONLOCALIZED = YES;
				CLANG_ANALYZER_NONNULL = YES_NONAGGRESSIVE;
				CLANG_ANALYZER_NUMBER_OBJECT_CONVERSION = YES;
				CLANG_CXX_LANGUAGE_STANDARD = "compiler-default";
				CLANG_CXX_LIBRARY = "compiler-default";
				CLANG_WARN_ASSIGN_ENUM = YES;
				CLANG_WARN_IMPLICIT_SIGN_CONVERSION = YES;
				CLANG_WARN_OBJC_EXPLICIT_OWNERSHIP_TYPE = YES;
				CLANG_WARN_OBJC_REPEATED_USE_OF_WEAK = YES;
				CLANG_WARN_UNGUARDED_AVAILABILITY = YES;
				CODE_SIGN_STYLE = Automatic;
				DEFINES_MODULE = NO;
				DEVELOPMENT_TEAM = "";
				DYLIB_COMPATIBILITY_VERSION = 1;
				DYLIB_CURRENT_VERSION = 1;
				DYLIB_INSTALL_NAME_BASE = "@rpath";
				GCC_C_LANGUAGE_STANDARD = "compiler-default";
				GCC_WARN_ABOUT_MISSING_PROTOTYPES = YES;
				GCC_WARN_INITIALIZER_NOT_FULLY_BRACKETED = YES;
				GCC_WARN_SHADOW = YES;
				GCC_WARN_SIGN_COMPARE = YES;
				GCC_WARN_STRICT_SELECTOR_MATCH = YES;
				INFOPLIST_FILE = YZHFactory/Info.plist;
				INSTALL_PATH = "$(LOCAL_LIBRARY_DIR)/Frameworks";
				LD_RUNPATH_SEARCH_PATHS = (
					"$(inherited)",
					"@executable_path/Frameworks",
					"@loader_path/Frameworks",
				);
				MACH_O_TYPE = mh_dylib;
				MARKETING_VERSION = 1.1.1;
				MODULEMAP_FILE = "";
				OTHER_LDFLAGS = "-ObjC";
				PRODUCT_BUNDLE_IDENTIFIER = com.zcsmart.YZHFactory;
				PRODUCT_NAME = "$(TARGET_NAME:c99extidentifier)";
				SKIP_INSTALL = YES;
				SUPPORTS_MACCATALYST = NO;
				TARGETED_DEVICE_FAMILY = 1;
				WARNING_CFLAGS = (
					"-Wall",
					"-Wextra",
					"-Wno-unused-parameter",
				);
			};
			name = Debug;
		};
		308B5E8A24EBCEB7004E9CC4 /* Release */ = {
			isa = XCBuildConfiguration;
			buildSettings = {
				BITCODE_GENERATION_MODE = "bitcode\n";
				CLANG_ANALYZER_LOCALIZABILITY_NONLOCALIZED = YES;
				CLANG_ANALYZER_NONNULL = YES_NONAGGRESSIVE;
				CLANG_ANALYZER_NUMBER_OBJECT_CONVERSION = YES;
				CLANG_CXX_LANGUAGE_STANDARD = "compiler-default";
				CLANG_CXX_LIBRARY = "compiler-default";
				CLANG_ENABLE_CODE_COVERAGE = NO;
				CLANG_WARN_ASSIGN_ENUM = YES;
				CLANG_WARN_IMPLICIT_SIGN_CONVERSION = YES;
				CLANG_WARN_OBJC_EXPLICIT_OWNERSHIP_TYPE = YES;
				CLANG_WARN_OBJC_REPEATED_USE_OF_WEAK = YES;
				CLANG_WARN_UNGUARDED_AVAILABILITY = YES;
				CODE_SIGN_STYLE = Automatic;
				DEFINES_MODULE = NO;
				DEVELOPMENT_TEAM = "";
				DYLIB_COMPATIBILITY_VERSION = 1;
				DYLIB_CURRENT_VERSION = 1;
				DYLIB_INSTALL_NAME_BASE = "@rpath";
				GCC_C_LANGUAGE_STANDARD = "compiler-default";
				GCC_WARN_ABOUT_MISSING_PROTOTYPES = YES;
				GCC_WARN_INITIALIZER_NOT_FULLY_BRACKETED = YES;
				GCC_WARN_SHADOW = YES;
				GCC_WARN_SIGN_COMPARE = YES;
				GCC_WARN_STRICT_SELECTOR_MATCH = YES;
				INFOPLIST_FILE = YZHFactory/Info.plist;
				INSTALL_PATH = "$(LOCAL_LIBRARY_DIR)/Frameworks";
				LD_RUNPATH_SEARCH_PATHS = (
					"$(inherited)",
					"@executable_path/Frameworks",
					"@loader_path/Frameworks",
				);
				MACH_O_TYPE = mh_dylib;
				MARKETING_VERSION = 1.1.1;
				MODULEMAP_FILE = "";
				OTHER_LDFLAGS = "-ObjC";
				PRODUCT_BUNDLE_IDENTIFIER = com.zcsmart.YZHFactory;
				PRODUCT_NAME = "$(TARGET_NAME:c99extidentifier)";
				SKIP_INSTALL = YES;
				SUPPORTS_MACCATALYST = NO;
				TARGETED_DEVICE_FAMILY = 1;
				WARNING_CFLAGS = (
					"-Wall",
					"-Wextra",
					"-Wno-unused-parameter",
				);
			};
			name = Release;
		};
/* End XCBuildConfiguration section */

/* Begin XCConfigurationList section */
		30839CE525C257960025CA14 /* Build configuration list for PBXNativeTarget "YZHFactoryDemo" */ = {
			isa = XCConfigurationList;
			buildConfigurations = (
				30839CE325C257960025CA14 /* Debug */,
				30839CE425C257960025CA14 /* Release */,
			);
			defaultConfigurationIsVisible = 0;
			defaultConfigurationName = Release;
		};
		308B5E7A24EBCEB7004E9CC4 /* Build configuration list for PBXProject "YZHFactory" */ = {
			isa = XCConfigurationList;
			buildConfigurations = (
				308B5E8624EBCEB7004E9CC4 /* Debug */,
				308B5E8724EBCEB7004E9CC4 /* Release */,
			);
			defaultConfigurationIsVisible = 0;
			defaultConfigurationName = Release;
		};
		308B5E8824EBCEB7004E9CC4 /* Build configuration list for PBXNativeTarget "YZHFactory" */ = {
			isa = XCConfigurationList;
			buildConfigurations = (
				308B5E8924EBCEB7004E9CC4 /* Debug */,
				308B5E8A24EBCEB7004E9CC4 /* Release */,
			);
			defaultConfigurationIsVisible = 0;
			defaultConfigurationName = Release;
		};
/* End XCConfigurationList section */
	};
	rootObject = 308B5E7724EBCEB7004E9CC4 /* Project object */;
}
